
Microsoft Visual Studio Solution File, Format Version 12.00
# Visual Studio 14
VisualStudioVersion = 14.0.23107.0
MinimumVisualStudioVersion = 10.0.40219.1
Project("{8BC9CEB8-8B4A-11D0-8D11-00A0C91BC942}") = "TaskA", "TaskA\TaskA.vcxproj", "{C583AFAC-22F2-4164-BBD7-58304E72F084}"
EndProject
Project("{8BC9CEB8-8B4A-11D0-8D11-00A0C91BC942}") = "TaskB", "TaskB\TaskB.vcxproj", "{B9CB1575-4191-41E0-AFBB-122C940B2B11}"
EndProject
Project("{8BC9CEB8-8B4A-11D0-8D11-00A0C91BC942}") = "TaskC", "TaskC\TaskC.vcxproj", "{6846F0C0-3822-43B6-9519-9AAFDA3EA524}"
EndProject
Project("{8BC9CEB8-8B4A-11D0-8D11-00A0C91BC942}") = "TaskD", "TaskD\TaskD.vcxproj", "{23F80DAB-09E6-4CB4-A2E2-F4BE89BC1C6B}"
EndProject
Project("{8BC9CEB8-8B4A-11D0-8D11-00A0C91BC942}") = "TaskE", "TaskE\TaskE.vcxproj", "{F0E88C08-AD7F-47E4-86F6-79574A30EFED}"
EndProject
Global
	GlobalSection(SolutionConfigurationPlatforms) = preSolution
		Debug|x64 = Debug|x64
		Debug|x86 = Debug|x86
		Release|x64 = Release|x64
		Release|x86 = Release|x86
	EndGlobalSection
	GlobalSection(ProjectConfigurationPlatforms) = postSolution
		{C583AFAC-22F2-4164-BBD7-58304E72F084}.Debug|x64.ActiveCfg = Debug|x64
		{C583AFAC-22F2-4164-BBD7-58304E72F084}.Debug|x64.Build.0 = Debug|x64
		{C583AFAC-22F2-4164-BBD7-58304E72F084}.Debug|x86.ActiveCfg = Debug|Win32
		{C583AFAC-22F2-4164-BBD7-58304E72F084}.Debug|x86.Build.0 = Debug|Win32
		{C583AFAC-22F2-4164-BBD7-58304E72F084}.Release|x64.ActiveCfg = Release|x64
		{C583AFAC-22F2-4164-BBD7-58304E72F084}.Release|x64.Build.0 = Release|x64
		{C583AFAC-22F2-4164-BBD7-58304E72F084}.Release|x86.ActiveCfg = Release|Win32
		{C583AFAC-22F2-4164-BBD7-58304E72F084}.Release|x86.Build.0 = Release|Win32
		{B9CB1575-4191-41E0-AFBB-122C940B2B11}.Debug|x64.ActiveCfg = Debug|x64
		{B9CB1575-4191-41E0-AFBB-122C940B2B11}.Debug|x64.Build.0 = Debug|x64
		{B9CB1575-4191-41E0-AFBB-122C940B2B11}.Debug|x86.ActiveCfg = Debug|Win32
		{B9CB1575-4191-41E0-AFBB-122C940B2B11}.Debug|x86.Build.0 = Debug|Win32
		{B9CB1575-4191-41E0-AFBB-122C940B2B11}.Release|x64.ActiveCfg = Release|x64
		{B9CB1575-4191-41E0-AFBB-122C940B2B11}.Release|x64.Build.0 = Release|x64
		{B9CB1575-4191-41E0-AFBB-122C940B2B11}.Release|x86.ActiveCfg = Release|Win32
		{B9CB1575-4191-41E0-AFBB-122C940B2B11}.Release|x86.Build.0 = Release|Win32
		{6846F0C0-3822-43B6-9519-9AAFDA3EA524}.Debug|x64.ActiveCfg = Debug|x64
		{6846F0C0-3822-43B6-9519-9AAFDA3EA524}.Debug|x64.Build.0 = Debug|x64
		{6846F0C0-3822-43B6-9519-9AAFDA3EA524}.Debug|x86.ActiveCfg = Debug|Win32
		{6846F0C0-3822-43B6-9519-9AAFDA3EA524}.Debug|x86.Build.0 = Debug|Win32
		{6846F0C0-3822-43B6-9519-9AAFDA3EA524}.Release|x64.ActiveCfg = Release|x64
		{6846F0C0-3822-43B6-9519-9AAFDA3EA524}.Release|x64.Build.0 = Release|x64
		{6846F0C0-3822-43B6-9519-9AAFDA3EA524}.Release|x86.ActiveCfg = Release|Win32
		{6846F0C0-3822-43B6-9519-9AAFDA3EA524}.Release|x86.Build.0 = Release|Win32
		{23F80DAB-09E6-4CB4-A2E2-F4BE89BC1C6B}.Debug|x64.ActiveCfg = Debug|x64
		{23F80DAB-09E6-4CB4-A2E2-F4BE89BC1C6B}.Debug|x64.Build.0 = Debug|x64
		{23F80DAB-09E6-4CB4-A2E2-F4BE89BC1C6B}.Debug|x86.ActiveCfg = Debug|Win32
		{23F80DAB-09E6-4CB4-A2E2-F4BE89BC1C6B}.Debug|x86.Build.0 = Debug|Win32
		{23F80DAB-09E6-4CB4-A2E2-F4BE89BC1C6B}.Release|x64.ActiveCfg = Release|x64
		{23F80DAB-09E6-4CB4-A2E2-F4BE89BC1C6B}.Release|x64.Build.0 = Release|x64
		{23F80DAB-09E6-4CB4-A2E2-F4BE89BC1C6B}.Release|x86.ActiveCfg = Release|Win32
		{23F80DAB-09E6-4CB4-A2E2-F4BE89BC1C6B}.Release|x86.Build.0 = Release|Win32
		{F0E88C08-AD7F-47E4-86F6-79574A30EFED}.Debug|x64.ActiveCfg = Debug|x64
		{F0E88C08-AD7F-47E4-86F6-79574A30EFED}.Debug|x64.Build.0 = Debug|x64
		{F0E88C08-AD7F-47E4-86F6-79574A30EFED}.Debug|x86.ActiveCfg = Debug|Win32
		{F0E88C08-AD7F-47E4-86F6-79574A30EFED}.Debug|x86.Build.0 = Debug|Win32
		{F0E88C08-AD7F-47E4-86F6-79574A30EFED}.Release|x64.ActiveCfg = Release|x64
		{F0E88C08-AD7F-47E4-86F6-79574A30EFED}.Release|x64.Build.0 = Release|x64
		{F0E88C08-AD7F-47E4-86F6-79574A30EFED}.Release|x86.ActiveCfg = Release|Win32
		{F0E88C08-AD7F-47E4-86F6-79574A30EFED}.Release|x86.Build.0 = Release|Win32
	EndGlobalSection
	GlobalSection(SolutionProperties) = preSolution
		HideSolutionNode = FALSE
	EndGlobalSection
EndGlobal
